{
  "name": "InteractiveMapOfEnterprises",
  "lockfileVersion": 3,
  "requires": true,
  "packages": {
    "": {
      "dependencies": {
        "react-cookie": "^8.0.1"
      }
    },
    "node_modules/@types/hoist-non-react-statics": {
      "version": "3.3.6",
      "resolved": "https://registry.npmjs.org/@types/hoist-non-react-statics/-/hoist-non-react-statics-3.3.6.tgz",
      "integrity": "sha512-lPByRJUer/iN/xa4qpyL0qmL11DqNW81iU/IG1S3uvRUq4oKagz8VCxZjiWkumgt66YT3vOdDgZ0o32sGKtCEw==",
      "license": "MIT",
      "dependencies": {
        "@types/react": "*",
        "hoist-non-react-statics": "^3.3.0"
      }
    },
    "node_modules/@types/react": {
      "version": "19.1.4",
      "resolved": "https://registry.npmjs.org/@types/react/-/react-19.1.4.tgz",
      "integrity": "sha512-EB1yiiYdvySuIITtD5lhW4yPyJ31RkJkkDw794LaQYrxCSaQV/47y5o1FMC4zF9ZyjUjzJMZwbovEnT5yHTW6g==",
      "license": "MIT",
      "dependencies": {
        "csstype": "^3.0.2"
      }
    },
    "node_modules/cookie": {
      "version": "1.0.2",
      "resolved": "https://registry.npmjs.org/cookie/-/cookie-1.0.2.tgz",
      "integrity": "sha512-9Kr/j4O16ISv8zBBhJoi4bXOYNTkFLOqSL3UDB0njXxCXNezjeyVrJyGOWtgfs/q2km1gwBcfH8q1yEGoMYunA==",
      "license": "MIT",
      "engines": {
        "node": ">=18"
      }
    },
    "node_modules/csstype": {
      "version": "3.1.3",
      "resolved": "https://registry.npmjs.org/csstype/-/csstype-3.1.3.tgz",
      "integrity": "sha512-M1uQkMl8rQK/szD0LNhtqxIPLpimGm8sOBwU7lLnCpSbTyY3yeU1Vc7l4KT5zT4s/yOxHH5O7tIuuLOCnLADRw==",
      "license": "MIT"
    },
    "node_modules/hoist-non-react-statics": {
      "version": "3.3.2",
      "resolved": "https://registry.npmjs.org/hoist-non-react-statics/-/hoist-non-react-statics-3.3.2.tgz",
      "integrity": "sha512-/gGivxi8JPKWNm/W0jSmzcMPpfpPLc3dY/6GxhX2hQ9iGj3aDfklV4ET7NjKpSinLpJ5vafa9iiGIEZg10SfBw==",
      "license": "BSD-3-Clause",
      "dependencies": {
        "react-is": "^16.7.0"
      }
    },
    "node_modules/react": {
      "version": "19.1.0",
      "resolved": "https://registry.npmjs.org/react/-/react-19.1.0.tgz",
      "integrity": "sha512-FS+XFBNvn3GTAWq26joslQgWNoFu08F4kl0J4CgdNKADkdSGXQyTCnKteIAJy96Br6YbpEU1LSzV5dYtjMkMDg==",
      "license": "MIT",
      "peer": true,
      "engines": {
        "node": ">=0.10.0"
      }
    },
    "node_modules/react-cookie": {
      "version": "8.0.1",
      "resolved": "https://registry.npmjs.org/react-cookie/-/react-cookie-8.0.1.tgz",
      "integrity": "sha512-QNdAd0MLuAiDiLcDU/2s/eyKmmfMHtjPUKJ2dZ/5CcQ9QKUium4B3o61/haq6PQl/YWFqC5PO8GvxeHKhy3GFA==",
      "license": "MIT",
      "dependencies": {
        "@types/hoist-non-react-statics": "^3.3.6",
        "hoist-non-react-statics": "^3.3.2",
        "universal-cookie": "^8.0.0"
      },
      "peerDependencies": {
        "react": ">= 16.3.0"
      }
    },
    "node_modules/react-is": {
      "version": "16.13.1",
      "resolved": "https://registry.npmjs.org/react-is/-/react-is-16.13.1.tgz",
      "integrity": "sha512-24e6ynE2H+OKt4kqsOvNd8kBpV65zoxbA4BVsEOB3ARVWQki/DHzaUoC5KuON/BiccDaCCTZBuOcfZs70kR8bQ==",
      "license": "MIT"
    },
    "node_modules/universal-cookie": {
      "version": "8.0.1",
      "resolved": "https://registry.npmjs.org/universal-cookie/-/universal-cookie-8.0.1.tgz",
      "integrity": "sha512-B6ks9FLLnP1UbPPcveOidfvB9pHjP+wekP2uRYB9YDfKVpvcjKgy1W5Zj+cEXJ9KTPnqOKGfVDQBmn8/YCQfRg==",
      "license": "MIT",
      "dependencies": {
        "cookie": "^1.0.2"
      }
    }
  }
}
